
Microsoft Visual Studio Solution File, Format Version 12.00
# Visual Studio Version 17
VisualStudioVersion = 17.9.34616.47
MinimumVisualStudioVersion = 10.0.40219.1
Project("{FAE04EC0-301F-11D3-BF4B-00C04F79EFBC}") = "ConceptsPOO", "ConceptsPOO\ConceptsPOO.csproj", "{1F790749-C9A5-4B7F-9800-B11F75FCE4E7}"
EndProject
Global
	GlobalSection(SolutionConfigurationPlatforms) = preSolution
		Debug|Any CPU = Debug|Any CPU
		Release|Any CPU = Release|Any CPU
	EndGlobalSection
	GlobalSection(ProjectConfigurationPlatforms) = postSolution
		{1F790749-C9A5-4B7F-9800-B11F75FCE4E7}.Debug|Any CPU.ActiveCfg = Debug|Any CPU
		{1F790749-C9A5-4B7F-9800-B11F75FCE4E7}.Debug|Any CPU.Build.0 = Debug|Any CPU
		{1F790749-C9A5-4B7F-9800-B11F75FCE4E7}.Release|Any CPU.ActiveCfg = Release|Any CPU
		{1F790749-C9A5-4B7F-9800-B11F75FCE4E7}.Release|Any CPU.Build.0 = Release|Any CPU
	EndGlobalSection
	GlobalSection(SolutionProperties) = preSolution
		HideSolutionNode = FALSE
	EndGlobalSection
	GlobalSection(ExtensibilityGlobals) = postSolution
		SolutionGuid = {A0EE7361-400D-4CFD-8412-7907243AAD4D}
	EndGlobalSection
EndGlobal
